
Microsoft Visual Studio Solution File, Format Version 12.00
# Visual Studio 15
VisualStudioVersion = 15.0.27703.2018
MinimumVisualStudioVersion = 10.0.40219.1
Project("{FAE04EC0-301F-11D3-BF4B-00C04F79EFBC}") = "Hello 2", "Hello 2\Hello 2.csproj", "{774FF6A2-E4B2-462E-81D0-B75830B1AD27}"
EndProject
Global
	GlobalSection(SolutionConfigurationPlatforms) = preSolution
		Debug|Any CPU = Debug|Any CPU
		Release|Any CPU = Release|Any CPU
	EndGlobalSection
	GlobalSection(ProjectConfigurationPlatforms) = postSolution
		{774FF6A2-E4B2-462E-81D0-B75830B1AD27}.Debug|Any CPU.ActiveCfg = Debug|Any CPU
		{774FF6A2-E4B2-462E-81D0-B75830B1AD27}.Debug|Any CPU.Build.0 = Debug|Any CPU
		{774FF6A2-E4B2-462E-81D0-B75830B1AD27}.Release|Any CPU.ActiveCfg = Release|Any CPU
		{774FF6A2-E4B2-462E-81D0-B75830B1AD27}.Release|Any CPU.Build.0 = Release|Any CPU
	EndGlobalSection
	GlobalSection(SolutionProperties) = preSolution
		HideSolutionNode = FALSE
	EndGlobalSection
	GlobalSection(ExtensibilityGlobals) = postSolution
		SolutionGuid = {90FF668A-9BD4-4B3E-B393-2C462D4F2B25}
	EndGlobalSection
EndGlobal
